
Microsoft Visual Studio Solution File, Format Version 12.00
# Visual Studio Version 17
VisualStudioVersion = 17.0.31919.166
MinimumVisualStudioVersion = 10.0.40219.1
Project("{9A19103F-16F7-4668-BE54-9A1E7A4F7556}") = "UI", "UI\UI.csproj", "{05154C0A-704F-49AC-BA59-933AA570F4FB}"
EndProject
Project("{9A19103F-16F7-4668-BE54-9A1E7A4F7556}") = "RulesEngine", "RulesEngine\RulesEngine.csproj", "{F0F25073-EC06-4471-8A0E-E409E677B6FF}"
EndProject
Project("{9A19103F-16F7-4668-BE54-9A1E7A4F7556}") = "Models", "Models\Models.csproj", "{E757AAD8-2891-4CA6-A904-77561582E7B2}"
EndProject
Global
	GlobalSection(SolutionConfigurationPlatforms) = preSolution
		Debug|Any CPU = Debug|Any CPU
		Debug|arm64 = Debug|arm64
		Debug|x64 = Debug|x64
		Debug|x86 = Debug|x86
		Release|Any CPU = Release|Any CPU
		Release|arm64 = Release|arm64
		Release|x64 = Release|x64
		Release|x86 = Release|x86
	EndGlobalSection
	GlobalSection(ProjectConfigurationPlatforms) = postSolution
		{05154C0A-704F-49AC-BA59-933AA570F4FB}.Debug|Any CPU.ActiveCfg = Debug|Any CPU
		{05154C0A-704F-49AC-BA59-933AA570F4FB}.Debug|Any CPU.Build.0 = Debug|Any CPU
		{05154C0A-704F-49AC-BA59-933AA570F4FB}.Debug|arm64.ActiveCfg = Debug|Any CPU
		{05154C0A-704F-49AC-BA59-933AA570F4FB}.Debug|arm64.Build.0 = Debug|Any CPU
		{05154C0A-704F-49AC-BA59-933AA570F4FB}.Debug|x64.ActiveCfg = Debug|Any CPU
		{05154C0A-704F-49AC-BA59-933AA570F4FB}.Debug|x64.Build.0 = Debug|Any CPU
		{05154C0A-704F-49AC-BA59-933AA570F4FB}.Debug|x86.ActiveCfg = Debug|Any CPU
		{05154C0A-704F-49AC-BA59-933AA570F4FB}.Debug|x86.Build.0 = Debug|Any CPU
		{05154C0A-704F-49AC-BA59-933AA570F4FB}.Release|Any CPU.ActiveCfg = Release|Any CPU
		{05154C0A-704F-49AC-BA59-933AA570F4FB}.Release|Any CPU.Build.0 = Release|Any CPU
		{05154C0A-704F-49AC-BA59-933AA570F4FB}.Release|arm64.ActiveCfg = Release|Any CPU
		{05154C0A-704F-49AC-BA59-933AA570F4FB}.Release|arm64.Build.0 = Release|Any CPU
		{05154C0A-704F-49AC-BA59-933AA570F4FB}.Release|x64.ActiveCfg = Release|Any CPU
		{05154C0A-704F-49AC-BA59-933AA570F4FB}.Release|x64.Build.0 = Release|Any CPU
		{05154C0A-704F-49AC-BA59-933AA570F4FB}.Release|x86.ActiveCfg = Release|Any CPU
		{05154C0A-704F-49AC-BA59-933AA570F4FB}.Release|x86.Build.0 = Release|Any CPU
		{F0F25073-EC06-4471-8A0E-E409E677B6FF}.Debug|Any CPU.ActiveCfg = Debug|Any CPU
		{F0F25073-EC06-4471-8A0E-E409E677B6FF}.Debug|Any CPU.Build.0 = Debug|Any CPU
		{F0F25073-EC06-4471-8A0E-E409E677B6FF}.Debug|arm64.ActiveCfg = Debug|Any CPU
		{F0F25073-EC06-4471-8A0E-E409E677B6FF}.Debug|arm64.Build.0 = Debug|Any CPU
		{F0F25073-EC06-4471-8A0E-E409E677B6FF}.Debug|x64.ActiveCfg = Debug|Any CPU
		{F0F25073-EC06-4471-8A0E-E409E677B6FF}.Debug|x64.Build.0 = Debug|Any CPU
		{F0F25073-EC06-4471-8A0E-E409E677B6FF}.Debug|x86.ActiveCfg = Debug|Any CPU
		{F0F25073-EC06-4471-8A0E-E409E677B6FF}.Debug|x86.Build.0 = Debug|Any CPU
		{F0F25073-EC06-4471-8A0E-E409E677B6FF}.Release|Any CPU.ActiveCfg = Release|Any CPU
		{F0F25073-EC06-4471-8A0E-E409E677B6FF}.Release|Any CPU.Build.0 = Release|Any CPU
		{F0F25073-EC06-4471-8A0E-E409E677B6FF}.Release|arm64.ActiveCfg = Release|Any CPU
		{F0F25073-EC06-4471-8A0E-E409E677B6FF}.Release|arm64.Build.0 = Release|Any CPU
		{F0F25073-EC06-4471-8A0E-E409E677B6FF}.Release|x64.ActiveCfg = Release|Any CPU
		{F0F25073-EC06-4471-8A0E-E409E677B6FF}.Release|x64.Build.0 = Release|Any CPU
		{F0F25073-EC06-4471-8A0E-E409E677B6FF}.Release|x86.ActiveCfg = Release|Any CPU
		{F0F25073-EC06-4471-8A0E-E409E677B6FF}.Release|x86.Build.0 = Release|Any CPU
		{E757AAD8-2891-4CA6-A904-77561582E7B2}.Debug|Any CPU.ActiveCfg = Debug|Any CPU
		{E757AAD8-2891-4CA6-A904-77561582E7B2}.Debug|Any CPU.Build.0 = Debug|Any CPU
		{E757AAD8-2891-4CA6-A904-77561582E7B2}.Debug|arm64.ActiveCfg = Debug|Any CPU
		{E757AAD8-2891-4CA6-A904-77561582E7B2}.Debug|arm64.Build.0 = Debug|Any CPU
		{E757AAD8-2891-4CA6-A904-77561582E7B2}.Debug|x64.ActiveCfg = Debug|Any CPU
		{E757AAD8-2891-4CA6-A904-77561582E7B2}.Debug|x64.Build.0 = Debug|Any CPU
		{E757AAD8-2891-4CA6-A904-77561582E7B2}.Debug|x86.ActiveCfg = Debug|Any CPU
		{E757AAD8-2891-4CA6-A904-77561582E7B2}.Debug|x86.Build.0 = Debug|Any CPU
		{E757AAD8-2891-4CA6-A904-77561582E7B2}.Release|Any CPU.ActiveCfg = Release|Any CPU
		{E757AAD8-2891-4CA6-A904-77561582E7B2}.Release|Any CPU.Build.0 = Release|Any CPU
		{E757AAD8-2891-4CA6-A904-77561582E7B2}.Release|arm64.ActiveCfg = Release|Any CPU
		{E757AAD8-2891-4CA6-A904-77561582E7B2}.Release|arm64.Build.0 = Release|Any CPU
		{E757AAD8-2891-4CA6-A904-77561582E7B2}.Release|x64.ActiveCfg = Release|Any CPU
		{E757AAD8-2891-4CA6-A904-77561582E7B2}.Release|x64.Build.0 = Release|Any CPU
		{E757AAD8-2891-4CA6-A904-77561582E7B2}.Release|x86.ActiveCfg = Release|Any CPU
		{E757AAD8-2891-4CA6-A904-77561582E7B2}.Release|x86.Build.0 = Release|Any CPU
	EndGlobalSection
	GlobalSection(SolutionProperties) = preSolution
		HideSolutionNode = FALSE
	EndGlobalSection
	GlobalSection(ExtensibilityGlobals) = postSolution
		SolutionGuid = {E724ACCF-3E16-473B-ACBC-2F4F249A8ADA}
	EndGlobalSection
EndGlobal
